<?xml version="1.0" encoding="utf-8"?>
<Project ToolsVersion="4.0" xmlns="http://schemas.microsoft.com/developer/msbuild/2003">
  <ItemGroup>
    <Filter Include="Source Files">
      <UniqueIdentifier>{4FC737F1-C7A5-4376-A066-2A32D752A2FF}</UniqueIdentifier>
      <Extensions>cpp;c;cc;cxx;c++;cppm;ixx;def;odl;idl;hpj;bat;asm;asmx</Extensions>
    </Filter>
    <Filter Include="Header Files">
      <UniqueIdentifier>{93995380-89BD-4b04-88EB-625FBE52EBFB}</UniqueIdentifier>
      <Extensions>h;hh;hpp;hxx;h++;hm;inl;inc;ipp;xsd</Extensions>
    </Filter>
    <Filter Include="Resource Files">
      <UniqueIdentifier>{67DA6AB6-F800-4c08-8B7A-83BB121AAD01}</UniqueIdentifier>
      <Extensions>rc;ico;cur;bmp;dlg;rc2;rct;bin;rgs;gif;jpg;jpeg;jpe;resx;tiff;tif;png;wav;mfcribbon-ms</Extensions>
    </Filter>
    <Filter Include="Media">
      <UniqueIdentifier>{fd94aff1-7048-4168-966a-088e42b11ed6}</UniqueIdentifier>
    </Filter>
  </ItemGroup>
  <ItemGroup>
    <ClCompile Include="control.cpp">
      <Filter>Source Files</Filter>
    </ClCompile>
    <ClCompile Include="fullscrn_xbox.cpp">
      <Filter>Source Files</Filter>
    </ClCompile>
    <ClCompile Include="gdrv.cpp">
      <Filter>Source Files</Filter>
    </ClCompile>
    <ClCompile Include="GroupData.cpp">
      <Filter>Source Files</Filter>
    </ClCompile>
    <ClCompile Include="high_score_xbox.cpp">
      <Filter>Source Files</Filter>
    </ClCompile>
    <ClCompile Include="loader.cpp">
      <Filter>Source Files</Filter>
    </ClCompile>
    <ClCompile Include="maths.cpp">
      <Filter>Source Files</Filter>
    </ClCompile>
    <ClCompile Include="midi_xbox.cpp">
      <Filter>Source Files</Filter>
    </ClCompile>
    <ClCompile Include="nudge.cpp">
      <Filter>Source Files</Filter>
    </ClCompile>
    <ClCompile Include="options_xbox.cpp">
      <Filter>Source Files</Filter>
    </ClCompile>
    <ClCompile Include="partman.cpp">
      <Filter>Source Files</Filter>
    </ClCompile>
    <ClCompile Include="pb.cpp">
      <Filter>Source Files</Filter>
    </ClCompile>
    <ClCompile Include="proj.cpp">
      <Filter>Source Files</Filter>
    </ClCompile>
    <ClCompile Include="render.cpp">
      <Filter>Source Files</Filter>
    </ClCompile>
    <ClCompile Include="score.cpp">
      <Filter>Source Files</Filter>
    </ClCompile>
    <ClCompile Include="Sound_xbox.cpp">
      <Filter>Source Files</Filter>
    </ClCompile>
    <ClCompile Include="TBall.cpp">
      <Filter>Source Files</Filter>
    </ClCompile>
    <ClCompile Include="TBlocker.cpp">
      <Filter>Source Files</Filter>
    </ClCompile>
    <ClCompile Include="TBumper.cpp">
      <Filter>Source Files</Filter>
    </ClCompile>
    <ClCompile Include="TCircle.cpp">
      <Filter>Source Files</Filter>
    </ClCompile>
    <ClCompile Include="TCollisionComponent.cpp">
      <Filter>Source Files</Filter>
    </ClCompile>
    <ClCompile Include="TComponentGroup.cpp">
      <Filter>Source Files</Filter>
    </ClCompile>
    <ClCompile Include="TDemo.cpp">
      <Filter>Source Files</Filter>
    </ClCompile>
    <ClCompile Include="TDrain.cpp">
      <Filter>Source Files</Filter>
    </ClCompile>
    <ClCompile Include="TEdgeManager.cpp">
      <Filter>Source Files</Filter>
    </ClCompile>
    <ClCompile Include="TEdgeSegment.cpp">
      <Filter>Source Files</Filter>
    </ClCompile>
    <ClCompile Include="TFlagSpinner.cpp">
      <Filter>Source Files</Filter>
    </ClCompile>
    <ClCompile Include="TFlipper.cpp">
      <Filter>Source Files</Filter>
    </ClCompile>
    <ClCompile Include="TFlipperEdge.cpp">
      <Filter>Source Files</Filter>
    </ClCompile>
    <ClCompile Include="TGate.cpp">
      <Filter>Source Files</Filter>
    </ClCompile>
    <ClCompile Include="THole.cpp">
      <Filter>Source Files</Filter>
    </ClCompile>
    <ClCompile Include="timer.cpp">
      <Filter>Source Files</Filter>
    </ClCompile>
    <ClCompile Include="TKickback.cpp">
      <Filter>Source Files</Filter>
    </ClCompile>
    <ClCompile Include="TKickout.cpp">
      <Filter>Source Files</Filter>
    </ClCompile>
    <ClCompile Include="TLight.cpp">
      <Filter>Source Files</Filter>
    </ClCompile>
    <ClCompile Include="TLightBargraph.cpp">
      <Filter>Source Files</Filter>
    </ClCompile>
    <ClCompile Include="TLightGroup.cpp">
      <Filter>Source Files</Filter>
    </ClCompile>
    <ClCompile Include="TLightRollover.cpp">
      <Filter>Source Files</Filter>
    </ClCompile>
    <ClCompile Include="TLine.cpp">
      <Filter>Source Files</Filter>
    </ClCompile>
    <ClCompile Include="TOneway.cpp">
      <Filter>Source Files</Filter>
    </ClCompile>
    <ClCompile Include="TPinballComponent.cpp">
      <Filter>Source Files</Filter>
    </ClCompile>
    <ClCompile Include="TPinballTable.cpp">
      <Filter>Source Files</Filter>
    </ClCompile>
    <ClCompile Include="TPlunger.cpp">
      <Filter>Source Files</Filter>
    </ClCompile>
    <ClCompile Include="TPopupTarget.cpp">
      <Filter>Source Files</Filter>
    </ClCompile>
    <ClCompile Include="TRamp.cpp">
      <Filter>Source Files</Filter>
    </ClCompile>
    <ClCompile Include="translations.cpp">
      <Filter>Source Files</Filter>
    </ClCompile>
    <ClCompile Include="TRollover.cpp">
      <Filter>Source Files</Filter>
    </ClCompile>
    <ClCompile Include="TSink.cpp">
      <Filter>Source Files</Filter>
    </ClCompile>
    <ClCompile Include="TSoloTarget.cpp">
      <Filter>Source Files</Filter>
    </ClCompile>
    <ClCompile Include="TSound.cpp">
      <Filter>Source Files</Filter>
    </ClCompile>
    <ClCompile Include="TTableLayer.cpp">
      <Filter>Source Files</Filter>
    </ClCompile>
    <ClCompile Include="TTextBox.cpp">
      <Filter>Source Files</Filter>
    </ClCompile>
    <ClCompile Include="TTextBoxMessage.cpp">
      <Filter>Source Files</Filter>
    </ClCompile>
    <ClCompile Include="TTimer.cpp">
      <Filter>Source Files</Filter>
    </ClCompile>
    <ClCompile Include="TTripwire.cpp">
      <Filter>Source Files</Filter>
    </ClCompile>
    <ClCompile Include="TWall.cpp">
      <Filter>Source Files</Filter>
    </ClCompile>
    <ClCompile Include="winmain_xbox.cpp">
      <Filter>Source Files</Filter>
    </ClCompile>
    <ClCompile Include="xb_audio.cpp">
      <Filter>Source Files</Filter>
    </ClCompile>
    <ClCompile Include="xb_d3d.cpp">
      <Filter>Source Files</Filter>
    </ClCompile>
    <ClCompile Include="xb_exit.cpp">
      <Filter>Source Files</Filter>
    </ClCompile>
    <ClCompile Include="xb_input.cpp">
      <Filter>Source Files</Filter>
    </ClCompile>
    <ClCompile Include="xb_splash.cpp">
      <Filter>Source Files</Filter>
    </ClCompile>
    <ClCompile Include="xbox_main.cpp">
      <Filter>Source Files</Filter>
    </ClCompile>
    <ClCompile Include="zdrv.cpp">
      <Filter>Source Files</Filter>
    </ClCompile>
    <ClCompile Include="xb_runtime.cpp">
      <Filter>Source Files</Filter>
    </ClCompile>
    <ClCompile Include="xb_ftol.cpp">
      <Filter>Source Files</Filter>
    </ClCompile>
    <ClCompile Include="fmidi_rxdk.cpp">
      <Filter>Source Files</Filter>
    </ClCompile>
  </ItemGroup>
  <ItemGroup>
    <Text Include="Media\Copy Assets Here.txt">
      <Filter>Media</Filter>
    </Text>
  </ItemGroup>
  <ItemGroup>
    <ClInclude Include="darkone83_splash.h">
      <Filter>Header Files</Filter>
    </ClInclude>
    <ClInclude Include="rxdk_splash.h">
      <Filter>Header Files</Filter>
    </ClInclude>
    <ClInclude Include="control.h">
      <Filter>Header Files</Filter>
    </ClInclude>
    <ClInclude Include="DebugOverlay.h">
      <Filter>Header Files</Filter>
    </ClInclude>
    <ClInclude Include="EmbeddedData.h">
      <Filter>Header Files</Filter>
    </ClInclude>
    <ClInclude Include="fullscrn.h">
      <Filter>Header Files</Filter>
    </ClInclude>
    <ClInclude Include="gdrv.h">
      <Filter>Header Files</Filter>
    </ClInclude>
    <ClInclude Include="GroupData.h">
      <Filter>Header Files</Filter>
    </ClInclude>
    <ClInclude Include="high_score.h">
      <Filter>Header Files</Filter>
    </ClInclude>
    <ClInclude Include="loader.h">
      <Filter>Header Files</Filter>
    </ClInclude>
    <ClInclude Include="maths.h">
      <Filter>Header Files</Filter>
    </ClInclude>
    <ClInclude Include="midi.h">
      <Filter>Header Files</Filter>
    </ClInclude>
    <ClInclude Include="nudge.h">
      <Filter>Header Files</Filter>
    </ClInclude>
    <ClInclude Include="options.h">
      <Filter>Header Files</Filter>
    </ClInclude>
    <ClInclude Include="partman.h">
      <Filter>Header Files</Filter>
    </ClInclude>
    <ClInclude Include="pb.h">
      <Filter>Header Files</Filter>
    </ClInclude>
    <ClInclude Include="pch.h">
      <Filter>Header Files</Filter>
    </ClInclude>
    <ClInclude Include="proj.h">
      <Filter>Header Files</Filter>
    </ClInclude>
    <ClInclude Include="render.h">
      <Filter>Header Files</Filter>
    </ClInclude>
    <ClInclude Include="score.h">
      <Filter>Header Files</Filter>
    </ClInclude>
    <ClInclude Include="Sound.h">
      <Filter>Header Files</Filter>
    </ClInclude>
    <ClInclude Include="TBall.h">
      <Filter>Header Files</Filter>
    </ClInclude>
    <ClInclude Include="TBlocker.h">
      <Filter>Header Files</Filter>
    </ClInclude>
    <ClInclude Include="TBumper.h">
      <Filter>Header Files</Filter>
    </ClInclude>
    <ClInclude Include="TCircle.h">
      <Filter>Header Files</Filter>
    </ClInclude>
    <ClInclude Include="TCollisionComponent.h">
      <Filter>Header Files</Filter>
    </ClInclude>
    <ClInclude Include="TComponentGroup.h">
      <Filter>Header Files</Filter>
    </ClInclude>
    <ClInclude Include="TDemo.h">
      <Filter>Header Files</Filter>
    </ClInclude>
    <ClInclude Include="TDrain.h">
      <Filter>Header Files</Filter>
    </ClInclude>
    <ClInclude Include="TEdgeBox.h">
      <Filter>Header Files</Filter>
    </ClInclude>
    <ClInclude Include="TEdgeManager.h">
      <Filter>Header Files</Filter>
    </ClInclude>
    <ClInclude Include="TEdgeSegment.h">
      <Filter>Header Files</Filter>
    </ClInclude>
    <ClInclude Include="TFlagSpinner.h">
      <Filter>Header Files</Filter>
    </ClInclude>
    <ClInclude Include="TFlipper.h">
      <Filter>Header Files</Filter>
    </ClInclude>
    <ClInclude Include="TFlipperEdge.h">
      <Filter>Header Files</Filter>
    </ClInclude>
    <ClInclude Include="TGate.h">
      <Filter>Header Files</Filter>
    </ClInclude>
    <ClInclude Include="THole.h">
      <Filter>Header Files</Filter>
    </ClInclude>
    <ClInclude Include="timer.h">
      <Filter>Header Files</Filter>
    </ClInclude>
    <ClInclude Include="TKickback.h">
      <Filter>Header Files</Filter>
    </ClInclude>
    <ClInclude Include="TKickout.h">
      <Filter>Header Files</Filter>
    </ClInclude>
    <ClInclude Include="TLight.h">
      <Filter>Header Files</Filter>
    </ClInclude>
    <ClInclude Include="TLightBargraph.h">
      <Filter>Header Files</Filter>
    </ClInclude>
    <ClInclude Include="TLightGroup.h">
      <Filter>Header Files</Filter>
    </ClInclude>
    <ClInclude Include="TLightRollover.h">
      <Filter>Header Files</Filter>
    </ClInclude>
    <ClInclude Include="TLine.h">
      <Filter>Header Files</Filter>
    </ClInclude>
    <ClInclude Include="TOneway.h">
      <Filter>Header Files</Filter>
    </ClInclude>
    <ClInclude Include="TPinballComponent.h">
      <Filter>Header Files</Filter>
    </ClInclude>
    <ClInclude Include="TPinballTable.h">
      <Filter>Header Files</Filter>
    </ClInclude>
    <ClInclude Include="TPlunger.h">
      <Filter>Header Files</Filter>
    </ClInclude>
    <ClInclude Include="TPopupTarget.h">
      <Filter>Header Files</Filter>
    </ClInclude>
    <ClInclude Include="TRamp.h">
      <Filter>Header Files</Filter>
    </ClInclude>
    <ClInclude Include="translations.h">
      <Filter>Header Files</Filter>
    </ClInclude>
    <ClInclude Include="TRollover.h">
      <Filter>Header Files</Filter>
    </ClInclude>
    <ClInclude Include="TSink.h">
      <Filter>Header Files</Filter>
    </ClInclude>
    <ClInclude Include="TSoloTarget.h">
      <Filter>Header Files</Filter>
    </ClInclude>
    <ClInclude Include="TSound.h">
      <Filter>Header Files</Filter>
    </ClInclude>
    <ClInclude Include="TTableLayer.h">
      <Filter>Header Files</Filter>
    </ClInclude>
    <ClInclude Include="TTextBox.h">
      <Filter>Header Files</Filter>
    </ClInclude>
    <ClInclude Include="TTextBoxMessage.h">
      <Filter>Header Files</Filter>
    </ClInclude>
    <ClInclude Include="TTimer.h">
      <Filter>Header Files</Filter>
    </ClInclude>
    <ClInclude Include="TTripwire.h">
      <Filter>Header Files</Filter>
    </ClInclude>
    <ClInclude Include="TWall.h">
      <Filter>Header Files</Filter>
    </ClInclude>
    <ClInclude Include="winmain.h">
      <Filter>Header Files</Filter>
    </ClInclude>
    <ClInclude Include="xb_audio.h">
      <Filter>Header Files</Filter>
    </ClInclude>
    <ClInclude Include="xb_compat.h">
      <Filter>Header Files</Filter>
    </ClInclude>
    <ClInclude Include="xb_d3d.h">
      <Filter>Header Files</Filter>
    </ClInclude>
    <ClInclude Include="xb_exit.h">
      <Filter>Header Files</Filter>
    </ClInclude>
    <ClInclude Include="xb_input.h">
      <Filter>Header Files</Filter>
    </ClInclude>
    <ClInclude Include="xb_splash.h">
      <Filter>Header Files</Filter>
    </ClInclude>
    <ClInclude Include="zdrv.h">
      <Filter>Header Files</Filter>
    </ClInclude>
    <ClInclude Include="xb_xtl_compat.h">
      <Filter>Header Files</Filter>
    </ClInclude>
    <ClInclude Include="spacecadet_help_splash.h">
      <Filter>Header Files</Filter>
    </ClInclude>
    <ClInclude Include="fmidi.h">
      <Filter>Header Files</Filter>
    </ClInclude>
    <ClInclude Include="tsf.h">
      <Filter>Header Files</Filter>
    </ClInclude>
    <ClInclude Include="xb_rumble.h">
      <Filter>Header Files</Filter>
    </ClInclude>
  </ItemGroup>
</Project>